
Microsoft Visual Studio Solution File, Format Version 12.00
# Visual Studio 15
VisualStudioVersion = 15.0.28306.52
MinimumVisualStudioVersion = 10.0.40219.1
Project("{FAE04EC0-301F-11D3-BF4B-00C04F79EFBC}") = "Udemy-Intermediate", "Udemy-Intermediate\Udemy-Intermediate.csproj", "{0D4E1CD0-054E-4324-A91F-1752A956857B}"
EndProject
Global
	GlobalSection(SolutionConfigurationPlatforms) = preSolution
		Debug|Any CPU = Debug|Any CPU
		Release|Any CPU = Release|Any CPU
	EndGlobalSection
	GlobalSection(ProjectConfigurationPlatforms) = postSolution
		{0D4E1CD0-054E-4324-A91F-1752A956857B}.Debug|Any CPU.ActiveCfg = Debug|Any CPU
		{0D4E1CD0-054E-4324-A91F-1752A956857B}.Debug|Any CPU.Build.0 = Debug|Any CPU
		{0D4E1CD0-054E-4324-A91F-1752A956857B}.Release|Any CPU.ActiveCfg = Release|Any CPU
		{0D4E1CD0-054E-4324-A91F-1752A956857B}.Release|Any CPU.Build.0 = Release|Any CPU
	EndGlobalSection
	GlobalSection(SolutionProperties) = preSolution
		HideSolutionNode = FALSE
	EndGlobalSection
	GlobalSection(ExtensibilityGlobals) = postSolution
		SolutionGuid = {33104BAD-2E8B-466D-A604-A02DC6B6212B}
	EndGlobalSection
EndGlobal
